
Microsoft Visual Studio Solution File, Format Version 12.00
# Visual Studio Version 17
VisualStudioVersion = 17.13.35919.96 d17.13
MinimumVisualStudioVersion = 10.0.40219.1
Project("{FAE04EC0-301F-11D3-BF4B-00C04F79EFBC}") = "RestaurantMangementSystem", "RestaurantMangementSystem\RestaurantMangementSystem.csproj", "{689BA5D7-5D15-47B0-A3B1-9B39CB6C8AD4}"
EndProject
Project("{FAE04EC0-301F-11D3-BF4B-00C04F79EFBC}") = "DataAccessLayer", "DataAccessLayer\DataAccessLayer.csproj", "{199369C4-42B8-44D0-9BE5-8D66671724A6}"
EndProject
Project("{FAE04EC0-301F-11D3-BF4B-00C04F79EFBC}") = "BusinessLogicLayer", "BusinessLogicLayer\BusinessLogicLayer.csproj", "{6A2C9A9C-8A88-4810-AD87-678027E0A315}"
EndProject
Global
	GlobalSection(SolutionConfigurationPlatforms) = preSolution
		Debug|Any CPU = Debug|Any CPU
		Release|Any CPU = Release|Any CPU
	EndGlobalSection
	GlobalSection(ProjectConfigurationPlatforms) = postSolution
		{689BA5D7-5D15-47B0-A3B1-9B39CB6C8AD4}.Debug|Any CPU.ActiveCfg = Debug|Any CPU
		{689BA5D7-5D15-47B0-A3B1-9B39CB6C8AD4}.Debug|Any CPU.Build.0 = Debug|Any CPU
		{689BA5D7-5D15-47B0-A3B1-9B39CB6C8AD4}.Release|Any CPU.ActiveCfg = Release|Any CPU
		{689BA5D7-5D15-47B0-A3B1-9B39CB6C8AD4}.Release|Any CPU.Build.0 = Release|Any CPU
		{199369C4-42B8-44D0-9BE5-8D66671724A6}.Debug|Any CPU.ActiveCfg = Debug|Any CPU
		{199369C4-42B8-44D0-9BE5-8D66671724A6}.Debug|Any CPU.Build.0 = Debug|Any CPU
		{199369C4-42B8-44D0-9BE5-8D66671724A6}.Release|Any CPU.ActiveCfg = Release|Any CPU
		{199369C4-42B8-44D0-9BE5-8D66671724A6}.Release|Any CPU.Build.0 = Release|Any CPU
		{6A2C9A9C-8A88-4810-AD87-678027E0A315}.Debug|Any CPU.ActiveCfg = Debug|Any CPU
		{6A2C9A9C-8A88-4810-AD87-678027E0A315}.Debug|Any CPU.Build.0 = Debug|Any CPU
		{6A2C9A9C-8A88-4810-AD87-678027E0A315}.Release|Any CPU.ActiveCfg = Release|Any CPU
		{6A2C9A9C-8A88-4810-AD87-678027E0A315}.Release|Any CPU.Build.0 = Release|Any CPU
	EndGlobalSection
	GlobalSection(SolutionProperties) = preSolution
		HideSolutionNode = FALSE
	EndGlobalSection
	GlobalSection(ExtensibilityGlobals) = postSolution
		SolutionGuid = {92BE4629-7C0F-487B-A88E-75EFF95E5B57}
	EndGlobalSection
EndGlobal
